{
  "version": 4,
  "terraform_version": "1.3.6",
  "serial": 1,
  "lineage": "0bc238bd-7cc1-3760-25f1-5326c81028cf",
  "outputs": {},
  "resources": [
    {
      "mode": "managed",
      "type": "local_file",
      "name": "Devops",
      "provider": "provider[\"registry.terraform.io/hashicorp/local\"]",
      "instances": [
        {
          "schema_version": 0,
          "attributes": {
            "content": "Devops auto file creation testing",
            "content_base64": null,
            "directory_permission": "0777",
            "file_permission": "0777",
            "filename": "/home/ubuntu/Terraform_course/Terraform_local/Devops-auto.txt ",
            "id": "e95a3ec2b2590e9e5ba48950df44217bdb384a68",
            "sensitive_content": null,
            "source": null
          },
          "sensitive_attributes": [],
          "private": "bnVsbA=="
        }
      ]
    }
  ],
  "check_results": null
}
